# This file is automatically @generated by Poetry 1.7.0 and should not be changed by hand.

[[package]]
name = "maturin"
version = "1.3.1"
description = "Build and publish crates with pyo3, rust-cpython and cffi bindings as well as rust binaries as python packages"
optional = false
python-versions = ">=3.7"
files = [
    {file = "maturin-1.3.1-py3-none-linux_armv6l.whl", hash = "sha256:925f8324d9bbe8fad90b73ebc6c7f6f594645e7f13af50bded72606b6c233208"},
    {file = "maturin-1.3.1-py3-none-macosx_10_7_x86_64.whl", hash = "sha256:f3c2c694b76e63e78c353e4a2a74f8baff5ac6becf807f23435d28e47a567d63"},
    {file = "maturin-1.3.1-py3-none-macosx_10_9_x86_64.macosx_11_0_arm64.macosx_10_9_universal2.whl", hash = "sha256:13188296f389d05043b8bd2265df66692490b61ba219ae7d5abc09e81e5659ce"},
    {file = "maturin-1.3.1-py3-none-manylinux_2_12_i686.manylinux2010_i686.musllinux_1_1_i686.whl", hash = "sha256:11bbf9978695ac066729af08bc24123317ca3fad51757b0fbdfe811212896714"},
    {file = "maturin-1.3.1-py3-none-manylinux_2_12_x86_64.manylinux2010_x86_64.musllinux_1_1_x86_64.whl", hash = "sha256:d566d2f424fa3f5cd6bd3033fd300b80654884abd061bd53c68f4717753e7d58"},
    {file = "maturin-1.3.1-py3-none-manylinux_2_17_aarch64.manylinux2014_aarch64.musllinux_1_1_aarch64.whl", hash = "sha256:c0e2b8171f1a70270b86ed72397ba548e3bf4d914f24cd50a228ed85a9d5e914"},
    {file = "maturin-1.3.1-py3-none-manylinux_2_17_armv7l.manylinux2014_armv7l.musllinux_1_1_armv7l.whl", hash = "sha256:804c6706588a9ca78f18f1a10adf9d24099b9cd3c2917628063ba8d4418b8a50"},
    {file = "maturin-1.3.1-py3-none-manylinux_2_17_ppc64le.manylinux2014_ppc64le.musllinux_1_1_ppc64le.whl", hash = "sha256:c533d02563bb185125488cdcf161cc6ba2cdd4812ebff1b6504d1b29880ba1f8"},
    {file = "maturin-1.3.1-py3-none-manylinux_2_17_s390x.manylinux2014_s390x.whl", hash = "sha256:066b0c515505d4a4c526a9afc26fad4f010972d60937530dc4949dda0f49aa61"},
    {file = "maturin-1.3.1-py3-none-win32.whl", hash = "sha256:4835c332e3b632547db12e6a70abc18cb90ba9df06200dd9a7cc73424919901d"},
    {file = "maturin-1.3.1-py3-none-win_amd64.whl", hash = "sha256:871268417d6b3e2b46018c54a0522efc018bc4918b885d005df90b338e0674c7"},
    {file = "maturin-1.3.1-py3-none-win_arm64.whl", hash = "sha256:659a601c27984a50350f792447ff65ec60309423747f5304c98cb7b7fbb63d39"},
    {file = "maturin-1.3.1.tar.gz", hash = "sha256:efa194e99ae5fff185263d8244acacb12ae256ea73aba62c9446f6075ffc7ac1"},
]

[package.dependencies]
tomli = {version = ">=1.1.0", markers = "python_version < \"3.11\""}

[package.extras]
patchelf = ["patchelf"]
zig = ["ziglang (>=0.10.0,<0.11.0)"]

[[package]]
name = "tomli"
version = "2.0.1"
description = "A lil' TOML parser"
optional = false
python-versions = ">=3.7"
files = [
    {file = "tomli-2.0.1-py3-none-any.whl", hash = "sha256:939de3e7a6161af0c887ef91b7d41a53e7c5a1ca976325f429cb46ea9bc30ecc"},
    {file = "tomli-2.0.1.tar.gz", hash = "sha256:de526c12914f0c550d15924c62d72abc48d6fe7364aa87328337a31007fe8a4f"},
]

[metadata]
lock-version = "2.0"
python-versions = "^3.7"
content-hash = "08d3cbebd513cbeb26280ef8bf9bfa65c25a48ae7f90bb4056b6febbfcbe54a5"
